
Microsoft Visual Studio Solution File, Format Version 12.00
# Visual Studio Version 17
VisualStudioVersion = 17.13.35806.99 d17.13
MinimumVisualStudioVersion = 10.0.40219.1
Project("{FAE04EC0-301F-11D3-BF4B-00C04F79EFBC}") = "Ice TAsk 3 App", "Ice TAsk 3 App.csproj", "{82BBFEB4-48D4-4000-B9A5-204C2E3EC140}"
EndProject
Global
	GlobalSection(SolutionConfigurationPlatforms) = preSolution
		Debug|Any CPU = Debug|Any CPU
		Release|Any CPU = Release|Any CPU
	EndGlobalSection
	GlobalSection(ProjectConfigurationPlatforms) = postSolution
		{82BBFEB4-48D4-4000-B9A5-204C2E3EC140}.Debug|Any CPU.ActiveCfg = Debug|Any CPU
		{82BBFEB4-48D4-4000-B9A5-204C2E3EC140}.Debug|Any CPU.Build.0 = Debug|Any CPU
		{82BBFEB4-48D4-4000-B9A5-204C2E3EC140}.Release|Any CPU.ActiveCfg = Release|Any CPU
		{82BBFEB4-48D4-4000-B9A5-204C2E3EC140}.Release|Any CPU.Build.0 = Release|Any CPU
	EndGlobalSection
	GlobalSection(SolutionProperties) = preSolution
		HideSolutionNode = FALSE
	EndGlobalSection
	GlobalSection(ExtensibilityGlobals) = postSolution
		SolutionGuid = {D76A093D-01B9-4F83-B6C7-5C8024FB9C45}
	EndGlobalSection
EndGlobal
